Microsoft Visual Studio Solution File, Format Version 11.00
# Visual Studio 2008

Project("{4B4F3591-F34D-593D-9E3C-9765D24CEE22}") = "Hackindr", "Assembly-CSharp.csproj", "{89CA62C7-E3EA-E3E4-3726-E4E30B77C5A2}"
EndProject
Global
	GlobalSection(SolutionConfigurationPlatforms) = preSolution
		Debug|Any CPU = Debug|Any CPU
		Release|Any CPU = Release|Any CPU
	EndGlobalSection
	GlobalSection(ProjectConfigurationPlatforms) = postSolution
		{89CA62C7-E3EA-E3E4-3726-E4E30B77C5A2}.Debug|Any CPU.ActiveCfg = Debug|Any CPU
		{89CA62C7-E3EA-E3E4-3726-E4E30B77C5A2}.Debug|Any CPU.Build.0 = Debug|Any CPU
		{89CA62C7-E3EA-E3E4-3726-E4E30B77C5A2}.Release|Any CPU.ActiveCfg = Release|Any CPU
		{89CA62C7-E3EA-E3E4-3726-E4E30B77C5A2}.Release|Any CPU.Build.0 = Release|Any CPU
	EndGlobalSection
	GlobalSection(SolutionProperties) = preSolution
		HideSolutionNode = FALSE
	EndGlobalSection
	GlobalSection(MonoDevelopProperties) = preSolution
		StartupItem = Assembly-CSharp.csproj
	EndGlobalSection
EndGlobal
